
Microsoft Visual Studio Solution File, Format Version 12.00
# Visual Studio Version 17
VisualStudioVersion = 17.0.31903.59
MinimumVisualStudioVersion = 10.0.40219.1
Project("{FAE04EC0-301F-11D3-BF4B-00C04F79EFBC}") = "ReinforcementDesign.Api", "ReinforcementDesign.Api\ReinforcementDesign.Api.csproj", "{B919096D-819E-413D-A7BB-363854B09FBB}"
EndProject
Project("{2150E333-8FDC-42A3-9474-1A3956D46DE8}") = "ReinforcementDesign.Console", "ReinforcementDesign.Console", "{8477603A-6E27-1B57-009B-1B95FF737525}"
EndProject
Project("{FAE04EC0-301F-11D3-BF4B-00C04F79EFBC}") = "ReinforcementDesign", "ReinforcementDesign.Console\ReinforcementDesign.csproj", "{97B59689-98B3-4059-A428-96762D63CFC9}"
EndProject
Global
	GlobalSection(SolutionConfigurationPlatforms) = preSolution
		Debug|Any CPU = Debug|Any CPU
		Debug|x64 = Debug|x64
		Debug|x86 = Debug|x86
		Release|Any CPU = Release|Any CPU
		Release|x64 = Release|x64
		Release|x86 = Release|x86
	EndGlobalSection
	GlobalSection(ProjectConfigurationPlatforms) = postSolution
		{B919096D-819E-413D-A7BB-363854B09FBB}.Debug|Any CPU.ActiveCfg = Debug|Any CPU
		{B919096D-819E-413D-A7BB-363854B09FBB}.Debug|Any CPU.Build.0 = Debug|Any CPU
		{B919096D-819E-413D-A7BB-363854B09FBB}.Debug|x64.ActiveCfg = Debug|Any CPU
		{B919096D-819E-413D-A7BB-363854B09FBB}.Debug|x64.Build.0 = Debug|Any CPU
		{B919096D-819E-413D-A7BB-363854B09FBB}.Debug|x86.ActiveCfg = Debug|Any CPU
		{B919096D-819E-413D-A7BB-363854B09FBB}.Debug|x86.Build.0 = Debug|Any CPU
		{B919096D-819E-413D-A7BB-363854B09FBB}.Release|Any CPU.ActiveCfg = Release|Any CPU
		{B919096D-819E-413D-A7BB-363854B09FBB}.Release|Any CPU.Build.0 = Release|Any CPU
		{B919096D-819E-413D-A7BB-363854B09FBB}.Release|x64.ActiveCfg = Release|Any CPU
		{B919096D-819E-413D-A7BB-363854B09FBB}.Release|x64.Build.0 = Release|Any CPU
		{B919096D-819E-413D-A7BB-363854B09FBB}.Release|x86.ActiveCfg = Release|Any CPU
		{B919096D-819E-413D-A7BB-363854B09FBB}.Release|x86.Build.0 = Release|Any CPU
		{97B59689-98B3-4059-A428-96762D63CFC9}.Debug|Any CPU.ActiveCfg = Debug|Any CPU
		{97B59689-98B3-4059-A428-96762D63CFC9}.Debug|Any CPU.Build.0 = Debug|Any CPU
		{97B59689-98B3-4059-A428-96762D63CFC9}.Debug|x64.ActiveCfg = Debug|Any CPU
		{97B59689-98B3-4059-A428-96762D63CFC9}.Debug|x64.Build.0 = Debug|Any CPU
		{97B59689-98B3-4059-A428-96762D63CFC9}.Debug|x86.ActiveCfg = Debug|Any CPU
		{97B59689-98B3-4059-A428-96762D63CFC9}.Debug|x86.Build.0 = Debug|Any CPU
		{97B59689-98B3-4059-A428-96762D63CFC9}.Release|Any CPU.ActiveCfg = Release|Any CPU
		{97B59689-98B3-4059-A428-96762D63CFC9}.Release|Any CPU.Build.0 = Release|Any CPU
		{97B59689-98B3-4059-A428-96762D63CFC9}.Release|x64.ActiveCfg = Release|Any CPU
		{97B59689-98B3-4059-A428-96762D63CFC9}.Release|x64.Build.0 = Release|Any CPU
		{97B59689-98B3-4059-A428-96762D63CFC9}.Release|x86.ActiveCfg = Release|Any CPU
		{97B59689-98B3-4059-A428-96762D63CFC9}.Release|x86.Build.0 = Release|Any CPU
	EndGlobalSection
	GlobalSection(SolutionProperties) = preSolution
		HideSolutionNode = FALSE
	EndGlobalSection
	GlobalSection(NestedProjects) = preSolution
		{97B59689-98B3-4059-A428-96762D63CFC9} = {8477603A-6E27-1B57-009B-1B95FF737525}
	EndGlobalSection
EndGlobal
