<?xml version="1.0" encoding="utf-8"?>
<Project ToolsVersion="4.0" xmlns="http://schemas.microsoft.com/developer/msbuild/2003">
  <ItemGroup>
    <Filter Include="Source Files">
      <UniqueIdentifier>{4FC737F1-C7A5-4376-A066-2A32D752A2FF}</UniqueIdentifier>
      <Extensions>cpp;c;cc;cxx;c++;cppm;ixx;def;odl;idl;hpj;bat;asm;asmx</Extensions>
    </Filter>
    <Filter Include="Header Files">
      <UniqueIdentifier>{93995380-89BD-4b04-88EB-625FBE52EBFB}</UniqueIdentifier>
      <Extensions>h;hh;hpp;hxx;h++;hm;inl;inc;ipp;xsd</Extensions>
    </Filter>
    <Filter Include="Resource Files">
      <UniqueIdentifier>{67DA6AB6-F800-4c08-8B7A-83BB121AAD01}</UniqueIdentifier>
      <Extensions>rc;ico;cur;bmp;dlg;rc2;rct;bin;rgs;gif;jpg;jpeg;jpe;resx;tiff;tif;png;wav;mfcribbon-ms</Extensions>
    </Filter>
    <Filter Include="Documentation">
      <UniqueIdentifier>{F9D08D38-6A2B-4E5C-9D7F-1A3B5C8E2F4D}</UniqueIdentifier>
    </Filter>
  </ItemGroup>
  <ItemGroup>
    <ClCompile Include="main.cpp">
      <Filter>Source Files</Filter>
    </ClCompile>
  </ItemGroup>
  <ItemGroup>
    <ClInclude Include="MaterialProperties.h">
      <Filter>Header Files</Filter>
    </ClInclude>
    <ClInclude Include="SteelStress.h">
      <Filter>Header Files</Filter>
    </ClInclude>
    <ClInclude Include="ConcreteIntegration.h">
      <Filter>Header Files</Filter>
    </ClInclude>
    <ClInclude Include="ReinforcementDesigner.h">
      <Filter>Header Files</Filter>
    </ClInclude>
    <ClInclude Include="InteractionDiagram.h">
      <Filter>Header Files</Filter>
    </ClInclude>
  </ItemGroup>
  <ItemGroup>
    <None Include="QUICK_START.md">
      <Filter>Documentation</Filter>
    </None>
    <None Include="README.md">
      <Filter>Documentation</Filter>
    </None>
    <None Include="TESTING.md">
      <Filter>Documentation</Filter>
    </None>
    <None Include="VS_PROJECT_INFO.md">
      <Filter>Documentation</Filter>
    </None>
  </ItemGroup>
  <ItemGroup>
    <Text Include="test_input.txt">
      <Filter>Resource Files</Filter>
    </Text>
  </ItemGroup>
</Project>